
Microsoft Visual Studio Solution File, Format Version 12.00
# Visual Studio Version 16
VisualStudioVersion = 16.0.29102.190
MinimumVisualStudioVersion = 15.0.26124.0
Project("{9A19103F-16F7-4668-BE54-9A1E7A4F7556}") = "MIntsrument", "MInstrument\MIntsrument.csproj", "{F672785F-0B7B-438C-9E03-24FA26E8FD34}"
EndProject
Project("{FAE04EC0-301F-11D3-BF4B-00C04F79EFBC}") = "MStats", "MStats\MStats.csproj", "{A84FC68D-6FFB-4F91-AC12-1558BE92A9B9}"
EndProject
Project("{2150E333-8FDC-42A3-9474-1A3956D46DE8}") = "Tests", "Tests", "{BF497622-261E-4E5C-AB1F-4AF0F42B661C}"
EndProject
Project("{FAE04EC0-301F-11D3-BF4B-00C04F79EFBC}") = "HelloWorld", "Tests\HelloWorld\HelloWorld.csproj", "{155AC716-6AB4-4CB8-A94E-EAB62672A23C}"
EndProject
Project("{FAE04EC0-301F-11D3-BF4B-00C04F79EFBC}") = "Integration", "Tests\Integration\Integration.csproj", "{5A327AE3-B087-4F69-99A3-C9DCF9CB6338}"
EndProject
Global
	GlobalSection(SolutionConfigurationPlatforms) = preSolution
		Debug|Any CPU = Debug|Any CPU
		Debug|x64 = Debug|x64
		Debug|x86 = Debug|x86
		Release|Any CPU = Release|Any CPU
		Release|x64 = Release|x64
		Release|x86 = Release|x86
	EndGlobalSection
	GlobalSection(ProjectConfigurationPlatforms) = postSolution
		{F672785F-0B7B-438C-9E03-24FA26E8FD34}.Debug|Any CPU.ActiveCfg = Debug|Any CPU
		{F672785F-0B7B-438C-9E03-24FA26E8FD34}.Debug|Any CPU.Build.0 = Debug|Any CPU
		{F672785F-0B7B-438C-9E03-24FA26E8FD34}.Debug|x64.ActiveCfg = Debug|Any CPU
		{F672785F-0B7B-438C-9E03-24FA26E8FD34}.Debug|x64.Build.0 = Debug|Any CPU
		{F672785F-0B7B-438C-9E03-24FA26E8FD34}.Debug|x86.ActiveCfg = Debug|Any CPU
		{F672785F-0B7B-438C-9E03-24FA26E8FD34}.Debug|x86.Build.0 = Debug|Any CPU
		{F672785F-0B7B-438C-9E03-24FA26E8FD34}.Release|Any CPU.ActiveCfg = Release|Any CPU
		{F672785F-0B7B-438C-9E03-24FA26E8FD34}.Release|Any CPU.Build.0 = Release|Any CPU
		{F672785F-0B7B-438C-9E03-24FA26E8FD34}.Release|x64.ActiveCfg = Release|Any CPU
		{F672785F-0B7B-438C-9E03-24FA26E8FD34}.Release|x64.Build.0 = Release|Any CPU
		{F672785F-0B7B-438C-9E03-24FA26E8FD34}.Release|x86.ActiveCfg = Release|Any CPU
		{F672785F-0B7B-438C-9E03-24FA26E8FD34}.Release|x86.Build.0 = Release|Any CPU
		{A84FC68D-6FFB-4F91-AC12-1558BE92A9B9}.Debug|Any CPU.ActiveCfg = Debug|Any CPU
		{A84FC68D-6FFB-4F91-AC12-1558BE92A9B9}.Debug|Any CPU.Build.0 = Debug|Any CPU
		{A84FC68D-6FFB-4F91-AC12-1558BE92A9B9}.Debug|x64.ActiveCfg = Debug|Any CPU
		{A84FC68D-6FFB-4F91-AC12-1558BE92A9B9}.Debug|x64.Build.0 = Debug|Any CPU
		{A84FC68D-6FFB-4F91-AC12-1558BE92A9B9}.Debug|x86.ActiveCfg = Debug|Any CPU
		{A84FC68D-6FFB-4F91-AC12-1558BE92A9B9}.Debug|x86.Build.0 = Debug|Any CPU
		{A84FC68D-6FFB-4F91-AC12-1558BE92A9B9}.Release|Any CPU.ActiveCfg = Release|Any CPU
		{A84FC68D-6FFB-4F91-AC12-1558BE92A9B9}.Release|Any CPU.Build.0 = Release|Any CPU
		{A84FC68D-6FFB-4F91-AC12-1558BE92A9B9}.Release|x64.ActiveCfg = Release|Any CPU
		{A84FC68D-6FFB-4F91-AC12-1558BE92A9B9}.Release|x64.Build.0 = Release|Any CPU
		{A84FC68D-6FFB-4F91-AC12-1558BE92A9B9}.Release|x86.ActiveCfg = Release|Any CPU
		{A84FC68D-6FFB-4F91-AC12-1558BE92A9B9}.Release|x86.Build.0 = Release|Any CPU
		{155AC716-6AB4-4CB8-A94E-EAB62672A23C}.Debug|Any CPU.ActiveCfg = Debug|Any CPU
		{155AC716-6AB4-4CB8-A94E-EAB62672A23C}.Debug|Any CPU.Build.0 = Debug|Any CPU
		{155AC716-6AB4-4CB8-A94E-EAB62672A23C}.Debug|x64.ActiveCfg = Debug|Any CPU
		{155AC716-6AB4-4CB8-A94E-EAB62672A23C}.Debug|x64.Build.0 = Debug|Any CPU
		{155AC716-6AB4-4CB8-A94E-EAB62672A23C}.Debug|x86.ActiveCfg = Debug|Any CPU
		{155AC716-6AB4-4CB8-A94E-EAB62672A23C}.Debug|x86.Build.0 = Debug|Any CPU
		{155AC716-6AB4-4CB8-A94E-EAB62672A23C}.Release|Any CPU.ActiveCfg = Release|Any CPU
		{155AC716-6AB4-4CB8-A94E-EAB62672A23C}.Release|Any CPU.Build.0 = Release|Any CPU
		{155AC716-6AB4-4CB8-A94E-EAB62672A23C}.Release|x64.ActiveCfg = Release|Any CPU
		{155AC716-6AB4-4CB8-A94E-EAB62672A23C}.Release|x64.Build.0 = Release|Any CPU
		{155AC716-6AB4-4CB8-A94E-EAB62672A23C}.Release|x86.ActiveCfg = Release|Any CPU
		{155AC716-6AB4-4CB8-A94E-EAB62672A23C}.Release|x86.Build.0 = Release|Any CPU
		{5A327AE3-B087-4F69-99A3-C9DCF9CB6338}.Debug|Any CPU.ActiveCfg = Debug|Any CPU
		{5A327AE3-B087-4F69-99A3-C9DCF9CB6338}.Debug|Any CPU.Build.0 = Debug|Any CPU
		{5A327AE3-B087-4F69-99A3-C9DCF9CB6338}.Debug|x64.ActiveCfg = Debug|Any CPU
		{5A327AE3-B087-4F69-99A3-C9DCF9CB6338}.Debug|x64.Build.0 = Debug|Any CPU
		{5A327AE3-B087-4F69-99A3-C9DCF9CB6338}.Debug|x86.ActiveCfg = Debug|Any CPU
		{5A327AE3-B087-4F69-99A3-C9DCF9CB6338}.Debug|x86.Build.0 = Debug|Any CPU
		{5A327AE3-B087-4F69-99A3-C9DCF9CB6338}.Release|Any CPU.ActiveCfg = Release|Any CPU
		{5A327AE3-B087-4F69-99A3-C9DCF9CB6338}.Release|Any CPU.Build.0 = Release|Any CPU
		{5A327AE3-B087-4F69-99A3-C9DCF9CB6338}.Release|x64.ActiveCfg = Release|Any CPU
		{5A327AE3-B087-4F69-99A3-C9DCF9CB6338}.Release|x64.Build.0 = Release|Any CPU
		{5A327AE3-B087-4F69-99A3-C9DCF9CB6338}.Release|x86.ActiveCfg = Release|Any CPU
		{5A327AE3-B087-4F69-99A3-C9DCF9CB6338}.Release|x86.Build.0 = Release|Any CPU
	EndGlobalSection
	GlobalSection(SolutionProperties) = preSolution
		HideSolutionNode = FALSE
	EndGlobalSection
	GlobalSection(ExtensibilityGlobals) = postSolution
		SolutionGuid = {27ABDE74-9F09-422B-8BED-719A9B9F65D8}
	EndGlobalSection
	GlobalSection(NestedProjects) = preSolution
		{155AC716-6AB4-4CB8-A94E-EAB62672A23C} = {BF497622-261E-4E5C-AB1F-4AF0F42B661C}
		{5A327AE3-B087-4F69-99A3-C9DCF9CB6338} = {BF497622-261E-4E5C-AB1F-4AF0F42B661C}
	EndGlobalSection
EndGlobal
